{
  "name": "LearnSocket",
  "lockfileVersion": 3,
  "requires": true,
  "packages": {
    "": {
      "dependencies": {
        "pool": "^0.4.1"
      }
    },
    "node_modules/pool": {
      "version": "0.4.1",
      "resolved": "https://registry.npmjs.org/pool/-/pool-0.4.1.tgz",
      "integrity": "sha512-fAZhD9niL9zaBjxcDpWNZKkzTxro1yrtBxxOLERW1xeyjYUol1oJm1aw2kqQChsqgKYvPiD5wYR4w8PRhNrg7Q==",
      "engines": [
        "node >=0.1.90"
      ]
    }
  }
}
